packages:
  - local: ../amos_source_example
    name: amos_source_example
  - local: ../amos_core
    name: amos_core
  - name: dbt_utils
    package: dbt-labs/dbt_utils
    version: 1.3.2
  - name: codegen
    package: dbt-labs/codegen
    version: 0.13.1
  - name: dbt_artifacts
    package: brooklyn-data/dbt_artifacts
    version: 2.9.3
sha1_hash: d0727852441e50f978cdf694a8dd78d5f3750334
